// !$*UTF8*$!
{
	archiveVersion = 1;
	classes = {
	};
	objectVersion = 46;
	objects = {

/* Begin PBXBuildFile section */
		D344D7E51E311AEC0017274C /* AppDelegate.swift in Sources */ = {isa = PBXBuildFile; fileRef = D344D7E41E311AEC0017274C /* AppDelegate.swift */; };
		D344D7E71E311AEC0017274C /* ViewController.swift in Sources */ = {isa = PBXBuildFile; fileRef = D344D7E61E311AEC0017274C /* ViewController.swift */; };
		D344D7EA1E311AEC0017274C /* Main.storyboard in Resources */ = {isa = PBXBuildFile; fileRef = D344D7E81E311AEC0017274C /* Main.storyboard */; };
		D344D7EC1E311AEC0017274C /* Assets.xcassets in Resources */ = {isa = PBXBuildFile; fileRef = D344D7EB1E311AEC0017274C /* Assets.xcassets */; };
		D344D7EF1E311AEC0017274C /* LaunchScreen.storyboard in Resources */ = {isa = PBXBuildFile; fileRef = D344D7ED1E311AEC0017274C /* LaunchScreen.storyboard */; };
/* End PBXBuildFile section */

/* Begin PBXFileReference section */
		D344D7E11E311AEC0017274C /* mimusic.app */ = {isa = PBXFileReference; explicitFileType = wrapper.application; includeInIndex = 0; path = mimusic.app; sourceTree = BUILT_PRODUCTS_DIR; };
		D344D7E41E311AEC0017274C /* AppDelegate.swift */ = {isa = PBXFileReference; lastKnownFileType = sourcecode.swift; path = AppDelegate.swift; sourceTree = "<group>"; };
		D344D7E61E311AEC0017274C /* ViewController.swift */ = {isa = PBXFileReference; lastKnownFileType = sourcecode.swift; path = ViewController.swift; sourceTree = "<group>"; };
		D344D7E91E311AEC0017274C /* Base */ = {isa = PBXFileReference; lastKnownFileType = file.storyboard; name = Base; path = Base.lproj/Main.storyboard; sourceTree = "<group>"; };
		D344D7EB1E311AEC0017274C /* Assets.xcassets */ = {isa = PBXFileReference; lastKnownFileType = folder.assetcatalog; path = Assets.xcassets; sourceTree = "<group>"; };
		D344D7EE1E311AEC0017274C /* Base */ = {isa = PBXFileReference; lastKnownFileType = file.storyboard; name = Base; path = Base.lproj/LaunchScreen.storyboard; sourceTree = "<group>"; };
		D344D7F01E311AEC0017274C /* Info.plist */ = {isa = PBXFileReference; lastKnownFileType = text.plist.xml; path = Info.plist; sourceTree = "<group>"; };
/* End PBXFileReference section */

/* Begin PBXFrameworksBuildPhase section */
		D344D7DE1E311AEC0017274C /* Frameworks */ = {
			isa = PBXFrameworksBuildPhase;
			buildActionMask = 2147483647;
			files = (
			);
			runOnlyForDeploymentPostprocessing = 0;
		};
/* End PBXFrameworksBuildPhase section */

/* Begin PBXGroup section */
		D344D7D81E311AEC0017274C = {
			isa = PBXGroup;
			children = (
				D344D7E31E311AEC0017274C /* mimusic */,
				D344D7E21E311AEC0017274C /* Products */,
			);
			sourceTree = "<group>";
		};
		D344D7E21E311AEC0017274C /* Products */ = {
			isa = PBXGroup;
			children = (
				D344D7E11E311AEC0017274C /* mimusic.app */,
			);
			name = Products;
			sourceTree = "<group>";
		};
		D344D7E31E311AEC0017274C /* mimusic */ = {
			isa = PBXGroup;
			children = (
				D344D7E41E311AEC0017274C /* AppDelegate.swift */,
				D344D7E61E311AEC0017274C /* ViewController.swift */,
				D344D7E81E311AEC0017274C /* Main.storyboard */,
				D344D7EB1E311AEC0017274C /* Assets.xcassets */,
				D344D7ED1E311AEC0017274C /* LaunchScreen.storyboard */,
				D344D7F01E311AEC0017274C /* Info.plist */,
			);
			path = mimusic;
			sourceTree = "<group>";
		};
/* End PBXGroup section */

/* Begin PBXNativeTarget section */
		D344D7E01E311AEC0017274C /* mimusic */ = {
			isa = PBXNativeTarget;
			buildConfigurationList = D344D7F31E311AEC0017274C /* Build configuration list for PBXNativeTarget "mimusic" */;
			buildPhases = (
				D344D7DD1E311AEC0017274C /* Sources */,
				D344D7DE1E311AEC0017274C /* Frameworks */,
				D344D7DF1E311AEC0017274C /* Resources */,
			);
			buildRules = (
			);
			dependencies = (
			);
			name = mimusic;
			productName = mimusic;
			productReference = D344D7E11E311AEC0017274C /* mimusic.app */;
			productType = "com.apple.product-type.application";
		};
/* End PBXNativeTarget section */

/* Begin PBXProject section */
		D344D7D91E311AEC0017274C /* Project object */ = {
			isa = PBXProject;
			attributes = {
				LastSwiftUpdateCheck = 0820;
				LastUpgradeCheck = 0820;
				ORGANIZATIONNAME = "Reverie Works";
				TargetAttributes = {
					D344D7E01E311AEC0017274C = {
						CreatedOnToolsVersion = 8.2.1;
						ProvisioningStyle = Automatic;
					};
				};
			};
			buildConfigurationList = D344D7DC1E311AEC0017274C /* Build configuration list for PBXProject "mimusic" */;
			compatibilityVersion = "Xcode 3.2";
			developmentRegion = English;
			hasScannedForEncodings = 0;
			knownRegions = (
				en,
				Base,
			);
			mainGroup = D344D7D81E311AEC0017274C;
			productRefGroup = D344D7E21E311AEC0017274C /* Products */;
			projectDirPath = "";
			projectRoot = "";
			targets = (
				D344D7E01E311AEC0017274C /* mimusic */,
			);
		};
/* End PBXProject section */

/* Begin PBXResourcesBuildPhase section */
		D344D7DF1E311AEC0017274C /* Resources */ = {
			isa = PBXResourcesBuildPhase;
			buildActionMask = 2147483647;
			files = (
				D344D7EF1E311AEC0017274C /* LaunchScreen.storyboard in Resources */,
				D344D7EC1E311AEC0017274C /* Assets.xcassets in Resources */,
				D344D7EA1E311AEC0017274C /* Main.storyboard in Resources */,
			);
			runOnlyForDeploymentPostprocessing = 0;
		};
/* End PBXResourcesBuildPhase section */

/* Begin PBXSourcesBuildPhase section */
		D344D7DD1E311AEC0017274C /* Sources */ = {
			isa = PBXSourcesBuildPhase;
			buildActionMask = 2147483647;
			files = (
				D344D7E71E311AEC0017274C /* ViewController.swift in Sources */,
				D344D7E51E311AEC0017274C /* AppDelegate.swift in Sources */,
			);
			runOnlyForDeploymentPostprocessing = 0;
		};
/* End PBXSourcesBuildPhase section */

/* Begin PBXVariantGroup section */
		D344D7E81E311AEC0017274C /* Main.storyboard */ = {
			isa = PBXVariantGroup;
			children = (
				D344D7E91E311AEC0017274C /* Base */,
			);
			name = Main.storyboard;
			sourceTree = "<group>";
		};
		D344D7ED1E311AEC0017274C /* LaunchScreen.storyboard */ = {
			isa = PBXVariantGroup;
			children = (
				D344D7EE1E311AEC0017274C /* Base */,
			);
			name = LaunchScreen.storyboard;
			sourceTree = "<group>";
		};
/* End PBXVariantGroup section */

/* Begin XCBuildConfiguration section */
		D344D7F11E311AEC0017274C /* Debug */ = {
			isa = XCBuildConfiguration;
			buildSettings = {
				ALWAYS_SEARCH_USER_PATHS = NO;
				CLANG_ANALYZER_NONNULL = YES;
				CLANG_CXX_LANGUAGE_STANDARD = "gnu++0x";
				CLANG_CXX_LIBRARY = "libc++";
				CLANG_ENABLE_MODULES = YES;
				CLANG_ENABLE_OBJC_ARC = YES;
				CLANG_WARN_BOOL_CONVERSION = YES;
				CLANG_WARN_CONSTANT_CONVERSION = YES;
				CLANG_WARN_DIRECT_OBJC_ISA_USAGE = YES_ERROR;
				CLANG_WARN_DOCUMENTATION_COMMENTS = YES;
				CLANG_WARN_EMPTY_BODY = YES;
				CLANG_WARN_ENUM_CONVERSION = YES;
				CLANG_WARN_INFINITE_RECURSION = YES;
				CLANG_WARN_INT_CONVERSION = YES;
				CLANG_WARN_OBJC_ROOT_CLASS = YES_ERROR;
				CLANG_WARN_SUSPICIOUS_MOVE = YES;
				CLANG_WARN_UNREACHABLE_CODE = YES;
				CLANG_WARN__DUPLICATE_METHOD_MATCH = YES;
				"CODE_SIGN_IDENTITY[sdk=iphoneos*]" = "iPhone Developer";
				COPY_PHASE_STRIP = NO;
				DEBUG_INFORMATION_FORMAT = dwarf;
				ENABLE_STRICT_OBJC_MSGSEND = YES;
				ENABLE_TESTABILITY = YES;
				GCC_C_LANGUAGE_STANDARD = gnu99;
				GCC_DYNAMIC_NO_PIC = NO;
				GCC_NO_COMMON_BLOCKS = YES;
				GCC_OPTIMIZATION_LEVEL = 0;
				GCC_PREPROCESSOR_DEFINITIONS = (
					"DEBUG=1",
					"$(inherited)",
				);
				GCC_WARN_64_TO_32_BIT_CONVERSION = YES;
				GCC_WARN_ABOUT_RETURN_TYPE = YES_ERROR;
				GCC_WARN_UNDECLARED_SELECTOR = YES;
				GCC_WARN_UNINITIALIZED_AUTOS = YES_AGGRESSIVE;
				GCC_WARN_UNUSED_FUNCTION = YES;
				GCC_WARN_UNUSED_VARIABLE = YES;
				IPHONEOS_DEPLOYMENT_TARGET = 10.2;
				MTL_ENABLE_DEBUG_INFO = YES;
				ONLY_ACTIVE_ARCH = YES;
				SDKROOT = iphoneos;
				SWIFT_ACTIVE_COMPILATION_CONDITIONS = DEBUG;
				SWIFT_OPTIMIZATION_LEVEL = "-Onone";
			};
			name = Debug;
		};
		D344D7F21E311AEC0017274C /* Release */ = {
			isa = XCBuildConfiguration;
			buildSettings = {
				ALWAYS_SEARCH_USER_PATHS = NO;
				CLANG_ANALYZER_NONNULL = YES;
				CLANG_CXX_LANGUAGE_STANDARD = "gnu++0x";
				CLANG_CXX_LIBRARY = "libc++";
				CLANG_ENABLE_MODULES = YES;
				CLANG_ENABLE_OBJC_ARC = YES;
				CLANG_WARN_BOOL_CONVERSION = YES;
				CLANG_WARN_CONSTANT_CONVERSION = YES;
				CLANG_WARN_DIRECT_OBJC_ISA_USAGE = YES_ERROR;
				CLANG_WARN_DOCUMENTATION_COMMENTS = YES;
				CLANG_WARN_EMPTY_BODY = YES;
				CLANG_WARN_ENUM_CONVERSION = YES;
				CLANG_WARN_INFINITE_RECURSION = YES;
				CLANG_WARN_INT_CONVERSION = YES;
				CLANG_WARN_OBJC_ROOT_CLASS = YES_ERROR;
				CLANG_WARN_SUSPICIOUS_MOVE = YES;
				CLANG_WARN_UNREACHABLE_CODE = YES;
				CLANG_WARN__DUPLICATE_METHOD_MATCH = YES;
				"CODE_SIGN_IDENTITY[sdk=iphoneos*]" = "iPhone Developer";
				COPY_PHASE_STRIP = NO;
				DEBUG_INFORMATION_FORMAT = "dwarf-with-dsym";
				ENABLE_NS_ASSERTIONS = NO;
				ENABLE_STRICT_OBJC_MSGSEND = YES;
				GCC_C_LANGUAGE_STANDARD = gnu99;
				GCC_NO_COMMON_BLOCKS = YES;
				GCC_WARN_64_TO_32_BIT_CONVERSION = YES;
				GCC_WARN_ABOUT_RETURN_TYPE = YES_ERROR;
				GCC_WARN_UNDECLARED_SELECTOR = YES;
				GCC_WARN_UNINITIALIZED_AUTOS = YES_AGGRESSIVE;
				GCC_WARN_UNUSED_FUNCTION = YES;
				GCC_WARN_UNUSED_VARIABLE = YES;
				IPHONEOS_DEPLOYMENT_TARGET = 10.2;
				MTL_ENABLE_DEBUG_INFO = NO;
				SDKROOT = iphoneos;
				SWIFT_OPTIMIZATION_LEVEL = "-Owholemodule";
				VALIDATE_PRODUCT = YES;
			};
			name = Release;
		};
		D344D7F41E311AEC0017274C /* Debug */ = {
			isa = XCBuildConfiguration;
			buildSettings = {
				ASSETCATALOG_COMPILER_APPICON_NAME = AppIcon;
				INFOPLIST_FILE = mimusic/Info.plist;
				LD_RUNPATH_SEARCH_PATHS = "$(inherited) @executable_path/Frameworks";
				PRODUCT_BUNDLE_IDENTIFIER = com.reverieworks.mimusic;
				PRODUCT_NAME = "$(TARGET_NAME)";
				SWIFT_VERSION = 3.0;
			};
			name = Debug;
		};
		D344D7F51E311AEC0017274C /* Release */ = {
			isa = XCBuildConfiguration;
			buildSettings = {
				ASSETCATALOG_COMPILER_APPICON_NAME = AppIcon;
				INFOPLIST_FILE = mimusic/Info.plist;
				LD_RUNPATH_SEARCH_PATHS = "$(inherited) @executable_path/Frameworks";
				PRODUCT_BUNDLE_IDENTIFIER = com.reverieworks.mimusic;
				PRODUCT_NAME = "$(TARGET_NAME)";
				SWIFT_VERSION = 3.0;
			};
			name = Release;
		};
/* End XCBuildConfiguration section */

/* Begin XCConfigurationList section */
		D344D7DC1E311AEC0017274C /* Build configuration list for PBXProject "mimusic" */ = {
			isa = XCConfigurationList;
			buildConfigurations = (
				D344D7F11E311AEC0017274C /* Debug */,
				D344D7F21E311AEC0017274C /* Release */,
			);
			defaultConfigurationIsVisible = 0;
			defaultConfigurationName = Release;
		};
		D344D7F31E311AEC0017274C /* Build configuration list for PBXNativeTarget "mimusic" */ = {
			isa = XCConfigurationList;
			buildConfigurations = (
				D344D7F41E311AEC0017274C /* Debug */,
				D344D7F51E311AEC0017274C /* Release */,
			);
			defaultConfigurationIsVisible = 0;
		};
/* End XCConfigurationList section */
	};
	rootObject = D344D7D91E311AEC0017274C /* Project object */;
}
